
Microsoft Visual Studio Solution File, Format Version 12.00
# Visual Studio Version 16
VisualStudioVersion = 16.0.33423.256
MinimumVisualStudioVersion = 10.0.40219.1
Project("{FAE04EC0-301F-11D3-BF4B-00C04F79EFBC}") = "Тестовое задание", "Тестовое задание\Тестовое задание.csproj", "{DDB6CE54-340A-4C16-B815-DF37F4A63542}"
EndProject
Global
	GlobalSection(SolutionConfigurationPlatforms) = preSolution
		Debug|Any CPU = Debug|Any CPU
		Release|Any CPU = Release|Any CPU
	EndGlobalSection
	GlobalSection(ProjectConfigurationPlatforms) = postSolution
		{DDB6CE54-340A-4C16-B815-DF37F4A63542}.Debug|Any CPU.ActiveCfg = Debug|Any CPU
		{DDB6CE54-340A-4C16-B815-DF37F4A63542}.Debug|Any CPU.Build.0 = Debug|Any CPU
		{DDB6CE54-340A-4C16-B815-DF37F4A63542}.Release|Any CPU.ActiveCfg = Release|Any CPU
		{DDB6CE54-340A-4C16-B815-DF37F4A63542}.Release|Any CPU.Build.0 = Release|Any CPU
	EndGlobalSection
	GlobalSection(SolutionProperties) = preSolution
		HideSolutionNode = FALSE
	EndGlobalSection
	GlobalSection(ExtensibilityGlobals) = postSolution
		SolutionGuid = {54BFAFD4-7D3D-46CE-83CC-4ACFB381C41A}
	EndGlobalSection
EndGlobal
